// !$*UTF8*$!
{
	archiveVersion = 1;
	classes = {
	};
	objectVersion = 55;
	objects = {

/* Begin PBXBuildFile section */
		3A4DF47427FDF03100B23C2A /* TimeGuru.xcdatamodeld in Sources */ = {isa = PBXBuildFile; fileRef = 3A4DF47227FDF03100B23C2A /* TimeGuru.xcdatamodeld */; };
		3A4DF49927FDF68800B23C2A /* NoteCell.swift in Sources */ = {isa = PBXBuildFile; fileRef = 3A4DF49827FDF68800B23C2A /* NoteCell.swift */; };
		3A4DF49B27FDF69900B23C2A /* NoteTableView.swift in Sources */ = {isa = PBXBuildFile; fileRef = 3A4DF49A27FDF69900B23C2A /* NoteTableView.swift */; };
		3A4DF49F27FDFA8800B23C2A /* Note.swift in Sources */ = {isa = PBXBuildFile; fileRef = 3A4DF49E27FDFA8700B23C2A /* Note.swift */; };
		3A4DF4A127FF4FE400B23C2A /* NoteDetailVC.swift in Sources */ = {isa = PBXBuildFile; fileRef = 3A4DF4A027FF4FE400B23C2A /* NoteDetailVC.swift */; };
		3A4DF4B127FF84F000B23C2A /* Assets.xcassets in Resources */ = {isa = PBXBuildFile; fileRef = 3A4DF4A327FF84F000B23C2A /* Assets.xcassets */; };
		3A4DF4B227FF84F000B23C2A /* appstore.png in Resources */ = {isa = PBXBuildFile; fileRef = 3A4DF4A427FF84F000B23C2A /* appstore.png */; };
		3A4DF4B827FF84F000B23C2A /* playstore.png in Resources */ = {isa = PBXBuildFile; fileRef = 3A4DF4B027FF84F000B23C2A /* playstore.png */; };
		3A99414D27F62E8D00027C67 /* AppDelegate.swift in Sources */ = {isa = PBXBuildFile; fileRef = 3A99414C27F62E8D00027C67 /* AppDelegate.swift */; };
		3A99414F27F62E8D00027C67 /* SceneDelegate.swift in Sources */ = {isa = PBXBuildFile; fileRef = 3A99414E27F62E8D00027C67 /* SceneDelegate.swift */; };
		3A99415127F62E8D00027C67 /* ViewController.swift in Sources */ = {isa = PBXBuildFile; fileRef = 3A99415027F62E8D00027C67 /* ViewController.swift */; };
		3A99415427F62E8D00027C67 /* Main.storyboard in Resources */ = {isa = PBXBuildFile; fileRef = 3A99415227F62E8D00027C67 /* Main.storyboard */; };
		3A99415927F62E9200027C67 /* LaunchScreen.storyboard in Resources */ = {isa = PBXBuildFile; fileRef = 3A99415727F62E9200027C67 /* LaunchScreen.storyboard */; };
		3A99416127F6386500027C67 /* CalendarCell.swift in Sources */ = {isa = PBXBuildFile; fileRef = 3A99416027F6386500027C67 /* CalendarCell.swift */; };
		3A99416327F63D6500027C67 /* CalendarHelper.swift in Sources */ = {isa = PBXBuildFile; fileRef = 3A99416227F63D6500027C67 /* CalendarHelper.swift */; };
		3A99416527F642FA00027C67 /* StartingTabBar.swift in Sources */ = {isa = PBXBuildFile; fileRef = 3A99416427F642FA00027C67 /* StartingTabBar.swift */; };
		3AA14FB627F7784B00B1E07B /* WeeklyViewController.swift in Sources */ = {isa = PBXBuildFile; fileRef = 3AA14FB527F7784B00B1E07B /* WeeklyViewController.swift */; };
		3AA14FB827F786BC00B1E07B /* EditEventViewController.swift in Sources */ = {isa = PBXBuildFile; fileRef = 3AA14FB727F786BC00B1E07B /* EditEventViewController.swift */; };
		3AA14FBA27F786CB00B1E07B /* EventCell.swift in Sources */ = {isa = PBXBuildFile; fileRef = 3AA14FB927F786CB00B1E07B /* EventCell.swift */; };
		3AA14FBC27F7885500B1E07B /* Event.swift in Sources */ = {isa = PBXBuildFile; fileRef = 3AA14FBB27F7885500B1E07B /* Event.swift */; };
		3AA14FBE27F7A83400B1E07B /* DailyCell.swift in Sources */ = {isa = PBXBuildFile; fileRef = 3AA14FBD27F7A83400B1E07B /* DailyCell.swift */; };
		3AA14FC027F7A84600B1E07B /* DailyViewController.swift in Sources */ = {isa = PBXBuildFile; fileRef = 3AA14FBF27F7A84600B1E07B /* DailyViewController.swift */; };
		3AA14FC227F7ACC100B1E07B /* CalendarDay.swift in Sources */ = {isa = PBXBuildFile; fileRef = 3AA14FC127F7ACC100B1E07B /* CalendarDay.swift */; };
		4603DD9927FE8C2A007E6F10 /* WeatherViewController.swift in Sources */ = {isa = PBXBuildFile; fileRef = 4603DD9827FE8C2A007E6F10 /* WeatherViewController.swift */; };
/* End PBXBuildFile section */

/* Begin PBXFileReference section */
		3A4DF47327FDF03100B23C2A /* TimeGuru.xcdatamodel */ = {isa = PBXFileReference; lastKnownFileType = wrapper.xcdatamodel; path = TimeGuru.xcdatamodel; sourceTree = "<group>"; };
		3A4DF49827FDF68800B23C2A /* NoteCell.swift */ = {isa = PBXFileReference; lastKnownFileType = sourcecode.swift; path = NoteCell.swift; sourceTree = "<group>"; };
		3A4DF49A27FDF69900B23C2A /* NoteTableView.swift */ = {isa = PBXFileReference; lastKnownFileType = sourcecode.swift; path = NoteTableView.swift; sourceTree = "<group>"; };
		3A4DF49E27FDFA8700B23C2A /* Note.swift */ = {isa = PBXFileReference; lastKnownFileType = sourcecode.swift; path = Note.swift; sourceTree = "<group>"; };
		3A4DF4A027FF4FE400B23C2A /* NoteDetailVC.swift */ = {isa = PBXFileReference; fileEncoding = 4; lastKnownFileType = sourcecode.swift; path = NoteDetailVC.swift; sourceTree = "<group>"; };
		3A4DF4A327FF84F000B23C2A /* Assets.xcassets */ = {isa = PBXFileReference; lastKnownFileType = folder.assetcatalog; path = Assets.xcassets; sourceTree = "<group>"; };
		3A4DF4A427FF84F000B23C2A /* appstore.png */ = {isa = PBXFileReference; lastKnownFileType = image.png; path = appstore.png; sourceTree = "<group>"; };
		3A4DF4B027FF84F000B23C2A /* playstore.png */ = {isa = PBXFileReference; lastKnownFileType = image.png; path = playstore.png; sourceTree = "<group>"; };
		3A99414927F62E8D00027C67 /* TimeGuru.app */ = {isa = PBXFileReference; explicitFileType = wrapper.application; includeInIndex = 0; path = TimeGuru.app; sourceTree = BUILT_PRODUCTS_DIR; };
		3A99414C27F62E8D00027C67 /* AppDelegate.swift */ = {isa = PBXFileReference; lastKnownFileType = sourcecode.swift; path = AppDelegate.swift; sourceTree = "<group>"; };
		3A99414E27F62E8D00027C67 /* SceneDelegate.swift */ = {isa = PBXFileReference; lastKnownFileType = sourcecode.swift; path = SceneDelegate.swift; sourceTree = "<group>"; };
		3A99415027F62E8D00027C67 /* ViewController.swift */ = {isa = PBXFileReference; lastKnownFileType = sourcecode.swift; path = ViewController.swift; sourceTree = "<group>"; };
		3A99415327F62E8D00027C67 /* Base */ = {isa = PBXFileReference; lastKnownFileType = file.storyboard; name = Base; path = Base.lproj/Main.storyboard; sourceTree = "<group>"; };
		3A99415827F62E9200027C67 /* Base */ = {isa = PBXFileReference; lastKnownFileType = file.storyboard; name = Base; path = Base.lproj/LaunchScreen.storyboard; sourceTree = "<group>"; };
		3A99415A27F62E9200027C67 /* Info.plist */ = {isa = PBXFileReference; lastKnownFileType = text.plist.xml; path = Info.plist; sourceTree = "<group>"; };
		3A99416027F6386500027C67 /* CalendarCell.swift */ = {isa = PBXFileReference; lastKnownFileType = sourcecode.swift; path = CalendarCell.swift; sourceTree = "<group>"; };
		3A99416227F63D6500027C67 /* CalendarHelper.swift */ = {isa = PBXFileReference; lastKnownFileType = sourcecode.swift; path = CalendarHelper.swift; sourceTree = "<group>"; };
		3A99416427F642FA00027C67 /* StartingTabBar.swift */ = {isa = PBXFileReference; lastKnownFileType = sourcecode.swift; path = StartingTabBar.swift; sourceTree = "<group>"; };
		3AA14FB527F7784B00B1E07B /* WeeklyViewController.swift */ = {isa = PBXFileReference; lastKnownFileType = sourcecode.swift; path = WeeklyViewController.swift; sourceTree = "<group>"; };
		3AA14FB727F786BC00B1E07B /* EditEventViewController.swift */ = {isa = PBXFileReference; lastKnownFileType = sourcecode.swift; path = EditEventViewController.swift; sourceTree = "<group>"; };
		3AA14FB927F786CB00B1E07B /* EventCell.swift */ = {isa = PBXFileReference; lastKnownFileType = sourcecode.swift; path = EventCell.swift; sourceTree = "<group>"; };
		3AA14FBB27F7885500B1E07B /* Event.swift */ = {isa = PBXFileReference; lastKnownFileType = sourcecode.swift; path = Event.swift; sourceTree = "<group>"; };
		3AA14FBD27F7A83400B1E07B /* DailyCell.swift */ = {isa = PBXFileReference; lastKnownFileType = sourcecode.swift; path = DailyCell.swift; sourceTree = "<group>"; };
		3AA14FBF27F7A84600B1E07B /* DailyViewController.swift */ = {isa = PBXFileReference; lastKnownFileType = sourcecode.swift; path = DailyViewController.swift; sourceTree = "<group>"; };
		3AA14FC127F7ACC100B1E07B /* CalendarDay.swift */ = {isa = PBXFileReference; lastKnownFileType = sourcecode.swift; path = CalendarDay.swift; sourceTree = "<group>"; };
		4603DD9827FE8C2A007E6F10 /* WeatherViewController.swift */ = {isa = PBXFileReference; lastKnownFileType = sourcecode.swift; path = WeatherViewController.swift; sourceTree = "<group>"; };
/* End PBXFileReference section */

/* Begin PBXFrameworksBuildPhase section */
		3A99414627F62E8D00027C67 /* Frameworks */ = {
			isa = PBXFrameworksBuildPhase;
			buildActionMask = 2147483647;
			files = (
			);
			runOnlyForDeploymentPostprocessing = 0;
		};
/* End PBXFrameworksBuildPhase section */

/* Begin PBXGroup section */
		3A4DF4A227FF84F000B23C2A /* AppIcons */ = {
			isa = PBXGroup;
			children = (
				3A4DF4A327FF84F000B23C2A /* Assets.xcassets */,
				3A4DF4A427FF84F000B23C2A /* appstore.png */,
				3A4DF4B027FF84F000B23C2A /* playstore.png */,
			);
			path = AppIcons;
			sourceTree = "<group>";
		};
		3A99414027F62E8D00027C67 = {
			isa = PBXGroup;
			children = (
				3A99414B27F62E8D00027C67 /* TimeGuru */,
				3A99414A27F62E8D00027C67 /* Products */,
			);
			sourceTree = "<group>";
		};
		3A99414A27F62E8D00027C67 /* Products */ = {
			isa = PBXGroup;
			children = (
				3A99414927F62E8D00027C67 /* TimeGuru.app */,
			);
			name = Products;
			sourceTree = "<group>";
		};
		3A99414B27F62E8D00027C67 /* TimeGuru */ = {
			isa = PBXGroup;
			children = (
				3A99414C27F62E8D00027C67 /* AppDelegate.swift */,
				3A99414E27F62E8D00027C67 /* SceneDelegate.swift */,
				3A99416427F642FA00027C67 /* StartingTabBar.swift */,
				3A99415027F62E8D00027C67 /* ViewController.swift */,
				3AA14FB527F7784B00B1E07B /* WeeklyViewController.swift */,
				3A4DF4A027FF4FE400B23C2A /* NoteDetailVC.swift */,
				3AA14FB727F786BC00B1E07B /* EditEventViewController.swift */,
				3AA14FB927F786CB00B1E07B /* EventCell.swift */,
				3A99416027F6386500027C67 /* CalendarCell.swift */,
				3AA14FBD27F7A83400B1E07B /* DailyCell.swift */,
				3AA14FBF27F7A84600B1E07B /* DailyViewController.swift */,
				3A99416227F63D6500027C67 /* CalendarHelper.swift */,
				3A4DF49827FDF68800B23C2A /* NoteCell.swift */,
				3A4DF49A27FDF69900B23C2A /* NoteTableView.swift */,
				3AA14FBB27F7885500B1E07B /* Event.swift */,
				3AA14FC127F7ACC100B1E07B /* CalendarDay.swift */,
				3A4DF49E27FDFA8700B23C2A /* Note.swift */,
				3A99415227F62E8D00027C67 /* Main.storyboard */,
				4603DD9827FE8C2A007E6F10 /* WeatherViewController.swift */,
				3A4DF4A227FF84F000B23C2A /* AppIcons */,
				3A99415727F62E9200027C67 /* LaunchScreen.storyboard */,
				3A99415A27F62E9200027C67 /* Info.plist */,
				3A4DF47227FDF03100B23C2A /* TimeGuru.xcdatamodeld */,
			);
			path = TimeGuru;
			sourceTree = "<group>";
		};
/* End PBXGroup section */

/* Begin PBXNativeTarget section */
		3A99414827F62E8D00027C67 /* TimeGuru */ = {
			isa = PBXNativeTarget;
			buildConfigurationList = 3A99415D27F62E9200027C67 /* Build configuration list for PBXNativeTarget "TimeGuru" */;
			buildPhases = (
				3A99414527F62E8D00027C67 /* Sources */,
				3A99414627F62E8D00027C67 /* Frameworks */,
				3A99414727F62E8D00027C67 /* Resources */,
			);
			buildRules = (
			);
			dependencies = (
			);
			name = TimeGuru;
			productName = TimeGuru;
			productReference = 3A99414927F62E8D00027C67 /* TimeGuru.app */;
			productType = "com.apple.product-type.application";
		};
/* End PBXNativeTarget section */

/* Begin PBXProject section */
		3A99414127F62E8D00027C67 /* Project object */ = {
			isa = PBXProject;
			attributes = {
				BuildIndependentTargetsInParallel = 1;
				LastSwiftUpdateCheck = 1320;
				LastUpgradeCheck = 1320;
				TargetAttributes = {
					3A99414827F62E8D00027C67 = {
						CreatedOnToolsVersion = 13.2.1;
					};
				};
			};
			buildConfigurationList = 3A99414427F62E8D00027C67 /* Build configuration list for PBXProject "TimeGuru" */;
			compatibilityVersion = "Xcode 13.0";
			developmentRegion = en;
			hasScannedForEncodings = 0;
			knownRegions = (
				en,
				Base,
			);
			mainGroup = 3A99414027F62E8D00027C67;
			productRefGroup = 3A99414A27F62E8D00027C67 /* Products */;
			projectDirPath = "";
			projectRoot = "";
			targets = (
				3A99414827F62E8D00027C67 /* TimeGuru */,
			);
		};
/* End PBXProject section */

/* Begin PBXResourcesBuildPhase section */
		3A99414727F62E8D00027C67 /* Resources */ = {
			isa = PBXResourcesBuildPhase;
			buildActionMask = 2147483647;
			files = (
				3A4DF4B227FF84F000B23C2A /* appstore.png in Resources */,
				3A99415927F62E9200027C67 /* LaunchScreen.storyboard in Resources */,
				3A4DF4B127FF84F000B23C2A /* Assets.xcassets in Resources */,
				3A99415427F62E8D00027C67 /* Main.storyboard in Resources */,
				3A4DF4B827FF84F000B23C2A /* playstore.png in Resources */,
			);
			runOnlyForDeploymentPostprocessing = 0;
		};
/* End PBXResourcesBuildPhase section */

/* Begin PBXSourcesBuildPhase section */
		3A99414527F62E8D00027C67 /* Sources */ = {
			isa = PBXSourcesBuildPhase;
			buildActionMask = 2147483647;
			files = (
				3AA14FB627F7784B00B1E07B /* WeeklyViewController.swift in Sources */,
				3AA14FBA27F786CB00B1E07B /* EventCell.swift in Sources */,
				3AA14FC027F7A84600B1E07B /* DailyViewController.swift in Sources */,
				3A4DF47427FDF03100B23C2A /* TimeGuru.xcdatamodeld in Sources */,
				3A99416327F63D6500027C67 /* CalendarHelper.swift in Sources */,
				3A4DF49F27FDFA8800B23C2A /* Note.swift in Sources */,
				3A99415127F62E8D00027C67 /* ViewController.swift in Sources */,
				3AA14FBC27F7885500B1E07B /* Event.swift in Sources */,
				3A4DF49B27FDF69900B23C2A /* NoteTableView.swift in Sources */,
				3A99414D27F62E8D00027C67 /* AppDelegate.swift in Sources */,
				3AA14FC227F7ACC100B1E07B /* CalendarDay.swift in Sources */,
				3AA14FBE27F7A83400B1E07B /* DailyCell.swift in Sources */,
				3A99416527F642FA00027C67 /* StartingTabBar.swift in Sources */,
				4603DD9927FE8C2A007E6F10 /* WeatherViewController.swift in Sources */,
				3A4DF4A127FF4FE400B23C2A /* NoteDetailVC.swift in Sources */,
				3A99414F27F62E8D00027C67 /* SceneDelegate.swift in Sources */,
				3A4DF49927FDF68800B23C2A /* NoteCell.swift in Sources */,
				3A99416127F6386500027C67 /* CalendarCell.swift in Sources */,
				3AA14FB827F786BC00B1E07B /* EditEventViewController.swift in Sources */,
			);
			runOnlyForDeploymentPostprocessing = 0;
		};
/* End PBXSourcesBuildPhase section */

/* Begin PBXVariantGroup section */
		3A99415227F62E8D00027C67 /* Main.storyboard */ = {
			isa = PBXVariantGroup;
			children = (
				3A99415327F62E8D00027C67 /* Base */,
			);
			name = Main.storyboard;
			sourceTree = "<group>";
		};
		3A99415727F62E9200027C67 /* LaunchScreen.storyboard */ = {
			isa = PBXVariantGroup;
			children = (
				3A99415827F62E9200027C67 /* Base */,
			);
			name = LaunchScreen.storyboard;
			sourceTree = "<group>";
		};
/* End PBXVariantGroup section */

/* Begin XCBuildConfiguration section */
		3A99415B27F62E9200027C67 /* Debug */ = {
			isa = XCBuildConfiguration;
			buildSettings = {
				ALWAYS_SEARCH_USER_PATHS = NO;
				CLANG_ANALYZER_NONNULL = YES;
				CLANG_ANALYZER_NUMBER_OBJECT_CONVERSION = YES_AGGRESSIVE;
				CLANG_CXX_LANGUAGE_STANDARD = "gnu++17";
				CLANG_CXX_LIBRARY = "libc++";
				CLANG_ENABLE_MODULES = YES;
				CLANG_ENABLE_OBJC_ARC = YES;
				CLANG_ENABLE_OBJC_WEAK = YES;
				CLANG_WARN_BLOCK_CAPTURE_AUTORELEASING = YES;
				CLANG_WARN_BOOL_CONVERSION = YES;
				CLANG_WARN_COMMA = YES;
				CLANG_WARN_CONSTANT_CONVERSION = YES;
				CLANG_WARN_DEPRECATED_OBJC_IMPLEMENTATIONS = YES;
				CLANG_WARN_DIRECT_OBJC_ISA_USAGE = YES_ERROR;
				CLANG_WARN_DOCUMENTATION_COMMENTS = YES;
				CLANG_WARN_EMPTY_BODY = YES;
				CLANG_WARN_ENUM_CONVERSION = YES;
				CLANG_WARN_INFINITE_RECURSION = YES;
				CLANG_WARN_INT_CONVERSION = YES;
				CLANG_WARN_NON_LITERAL_NULL_CONVERSION = YES;
				CLANG_WARN_OBJC_IMPLICIT_RETAIN_SELF = YES;
				CLANG_WARN_OBJC_LITERAL_CONVERSION = YES;
				CLANG_WARN_OBJC_ROOT_CLASS = YES_ERROR;
				CLANG_WARN_QUOTED_INCLUDE_IN_FRAMEWORK_HEADER = YES;
				CLANG_WARN_RANGE_LOOP_ANALYSIS = YES;
				CLANG_WARN_STRICT_PROTOTYPES = YES;
				CLANG_WARN_SUSPICIOUS_MOVE = YES;
				CLANG_WARN_UNGUARDED_AVAILABILITY = YES_AGGRESSIVE;
				CLANG_WARN_UNREACHABLE_CODE = YES;
				CLANG_WARN__DUPLICATE_METHOD_MATCH = YES;
				COPY_PHASE_STRIP = NO;
				DEBUG_INFORMATION_FORMAT = dwarf;
				ENABLE_STRICT_OBJC_MSGSEND = YES;
				ENABLE_TESTABILITY = YES;
				GCC_C_LANGUAGE_STANDARD = gnu11;
				GCC_DYNAMIC_NO_PIC = NO;
				GCC_NO_COMMON_BLOCKS = YES;
				GCC_OPTIMIZATION_LEVEL = 0;
				GCC_PREPROCESSOR_DEFINITIONS = (
					"DEBUG=1",
					"$(inherited)",
				);
				GCC_WARN_64_TO_32_BIT_CONVERSION = YES;
				GCC_WARN_ABOUT_RETURN_TYPE = YES_ERROR;
				GCC_WARN_UNDECLARED_SELECTOR = YES;
				GCC_WARN_UNINITIALIZED_AUTOS = YES_AGGRESSIVE;
				GCC_WARN_UNUSED_FUNCTION = YES;
				GCC_WARN_UNUSED_VARIABLE = YES;
				IPHONEOS_DEPLOYMENT_TARGET = 15.2;
				MTL_ENABLE_DEBUG_INFO = INCLUDE_SOURCE;
				MTL_FAST_MATH = YES;
				ONLY_ACTIVE_ARCH = YES;
				SDKROOT = iphoneos;
				SWIFT_ACTIVE_COMPILATION_CONDITIONS = DEBUG;
				SWIFT_OPTIMIZATION_LEVEL = "-Onone";
			};
			name = Debug;
		};
		3A99415C27F62E9200027C67 /* Release */ = {
			isa = XCBuildConfiguration;
			buildSettings = {
				ALWAYS_SEARCH_USER_PATHS = NO;
				CLANG_ANALYZER_NONNULL = YES;
				CLANG_ANALYZER_NUMBER_OBJECT_CONVERSION = YES_AGGRESSIVE;
				CLANG_CXX_LANGUAGE_STANDARD = "gnu++17";
				CLANG_CXX_LIBRARY = "libc++";
				CLANG_ENABLE_MODULES = YES;
				CLANG_ENABLE_OBJC_ARC = YES;
				CLANG_ENABLE_OBJC_WEAK = YES;
				CLANG_WARN_BLOCK_CAPTURE_AUTORELEASING = YES;
				CLANG_WARN_BOOL_CONVERSION = YES;
				CLANG_WARN_COMMA = YES;
				CLANG_WARN_CONSTANT_CONVERSION = YES;
				CLANG_WARN_DEPRECATED_OBJC_IMPLEMENTATIONS = YES;
				CLANG_WARN_DIRECT_OBJC_ISA_USAGE = YES_ERROR;
				CLANG_WARN_DOCUMENTATION_COMMENTS = YES;
				CLANG_WARN_EMPTY_BODY = YES;
				CLANG_WARN_ENUM_CONVERSION = YES;
				CLANG_WARN_INFINITE_RECURSION = YES;
				CLANG_WARN_INT_CONVERSION = YES;
				CLANG_WARN_NON_LITERAL_NULL_CONVERSION = YES;
				CLANG_WARN_OBJC_IMPLICIT_RETAIN_SELF = YES;
				CLANG_WARN_OBJC_LITERAL_CONVERSION = YES;
				CLANG_WARN_OBJC_ROOT_CLASS = YES_ERROR;
				CLANG_WARN_QUOTED_INCLUDE_IN_FRAMEWORK_HEADER = YES;
				CLANG_WARN_RANGE_LOOP_ANALYSIS = YES;
				CLANG_WARN_STRICT_PROTOTYPES = YES;
				CLANG_WARN_SUSPICIOUS_MOVE = YES;
				CLANG_WARN_UNGUARDED_AVAILABILITY = YES_AGGRESSIVE;
				CLANG_WARN_UNREACHABLE_CODE = YES;
				CLANG_WARN__DUPLICATE_METHOD_MATCH = YES;
				COPY_PHASE_STRIP = NO;
				DEBUG_INFORMATION_FORMAT = "dwarf-with-dsym";
				ENABLE_NS_ASSERTIONS = NO;
				ENABLE_STRICT_OBJC_MSGSEND = YES;
				GCC_C_LANGUAGE_STANDARD = gnu11;
				GCC_NO_COMMON_BLOCKS = YES;
				GCC_WARN_64_TO_32_BIT_CONVERSION = YES;
				GCC_WARN_ABOUT_RETURN_TYPE = YES_ERROR;
				GCC_WARN_UNDECLARED_SELECTOR = YES;
				GCC_WARN_UNINITIALIZED_AUTOS = YES_AGGRESSIVE;
				GCC_WARN_UNUSED_FUNCTION = YES;
				GCC_WARN_UNUSED_VARIABLE = YES;
				IPHONEOS_DEPLOYMENT_TARGET = 15.2;
				MTL_ENABLE_DEBUG_INFO = NO;
				MTL_FAST_MATH = YES;
				SDKROOT = iphoneos;
				SWIFT_COMPILATION_MODE = wholemodule;
				SWIFT_OPTIMIZATION_LEVEL = "-O";
				VALIDATE_PRODUCT = YES;
			};
			name = Release;
		};
		3A99415E27F62E9200027C67 /* Debug */ = {
			isa = XCBuildConfiguration;
			buildSettings = {
				ASSETCATALOG_COMPILER_APPICON_NAME = AppIcon;
				ASSETCATALOG_COMPILER_GLOBAL_ACCENT_COLOR_NAME = AccentColor;
				CODE_SIGN_STYLE = Automatic;
				CURRENT_PROJECT_VERSION = 1;
				GENERATE_INFOPLIST_FILE = YES;
				INFOPLIST_FILE = TimeGuru/Info.plist;
				INFOPLIST_KEY_UIApplicationSupportsIndirectInputEvents = YES;
				INFOPLIST_KEY_UILaunchStoryboardName = LaunchScreen;
				INFOPLIST_KEY_UIMainStoryboardFile = Main;
				INFOPLIST_KEY_UISupportedInterfaceOrientations_iPad = "UIInterfaceOrientationPortrait UIInterfaceOrientationPortraitUpsideDown UIInterfaceOrientationLandscapeLeft UIInterfaceOrientationLandscapeRight";
				INFOPLIST_KEY_UISupportedInterfaceOrientations_iPhone = "UIInterfaceOrientationPortrait UIInterfaceOrientationLandscapeLeft UIInterfaceOrientationLandscapeRight";
				LD_RUNPATH_SEARCH_PATHS = (
					"$(inherited)",
					"@executable_path/Frameworks",
				);
				MARKETING_VERSION = 1.0;
				PRODUCT_BUNDLE_IDENTIFIER = CP469.TimeGuru;
				PRODUCT_NAME = "$(TARGET_NAME)";
				SWIFT_EMIT_LOC_STRINGS = YES;
				SWIFT_VERSION = 5.0;
				TARGETED_DEVICE_FAMILY = "1,2";
			};
			name = Debug;
		};
		3A99415F27F62E9200027C67 /* Release */ = {
			isa = XCBuildConfiguration;
			buildSettings = {
				ASSETCATALOG_COMPILER_APPICON_NAME = AppIcon;
				ASSETCATALOG_COMPILER_GLOBAL_ACCENT_COLOR_NAME = AccentColor;
				CODE_SIGN_STYLE = Automatic;
				CURRENT_PROJECT_VERSION = 1;
				GENERATE_INFOPLIST_FILE = YES;
				INFOPLIST_FILE = TimeGuru/Info.plist;
				INFOPLIST_KEY_UIApplicationSupportsIndirectInputEvents = YES;
				INFOPLIST_KEY_UILaunchStoryboardName = LaunchScreen;
				INFOPLIST_KEY_UIMainStoryboardFile = Main;
				INFOPLIST_KEY_UISupportedInterfaceOrientations_iPad = "UIInterfaceOrientationPortrait UIInterfaceOrientationPortraitUpsideDown UIInterfaceOrientationLandscapeLeft UIInterfaceOrientationLandscapeRight";
				INFOPLIST_KEY_UISupportedInterfaceOrientations_iPhone = "UIInterfaceOrientationPortrait UIInterfaceOrientationLandscapeLeft UIInterfaceOrientationLandscapeRight";
				LD_RUNPATH_SEARCH_PATHS = (
					"$(inherited)",
					"@executable_path/Frameworks",
				);
				MARKETING_VERSION = 1.0;
				PRODUCT_BUNDLE_IDENTIFIER = CP469.TimeGuru;
				PRODUCT_NAME = "$(TARGET_NAME)";
				SWIFT_EMIT_LOC_STRINGS = YES;
				SWIFT_VERSION = 5.0;
				TARGETED_DEVICE_FAMILY = "1,2";
			};
			name = Release;
		};
/* End XCBuildConfiguration section */

/* Begin XCConfigurationList section */
		3A99414427F62E8D00027C67 /* Build configuration list for PBXProject "TimeGuru" */ = {
			isa = XCConfigurationList;
			buildConfigurations = (
				3A99415B27F62E9200027C67 /* Debug */,
				3A99415C27F62E9200027C67 /* Release */,
			);
			defaultConfigurationIsVisible = 0;
			defaultConfigurationName = Release;
		};
		3A99415D27F62E9200027C67 /* Build configuration list for PBXNativeTarget "TimeGuru" */ = {
			isa = XCConfigurationList;
			buildConfigurations = (
				3A99415E27F62E9200027C67 /* Debug */,
				3A99415F27F62E9200027C67 /* Release */,
			);
			defaultConfigurationIsVisible = 0;
			defaultConfigurationName = Release;
		};
/* End XCConfigurationList section */

/* Begin XCVersionGroup section */
		3A4DF47227FDF03100B23C2A /* TimeGuru.xcdatamodeld */ = {
			isa = XCVersionGroup;
			children = (
				3A4DF47327FDF03100B23C2A /* TimeGuru.xcdatamodel */,
			);
			currentVersion = 3A4DF47327FDF03100B23C2A /* TimeGuru.xcdatamodel */;
			path = TimeGuru.xcdatamodeld;
			sourceTree = "<group>";
			versionGroupType = wrapper.xcdatamodel;
		};
/* End XCVersionGroup section */
	};
	rootObject = 3A99414127F62E8D00027C67 /* Project object */;
}
